
Microsoft Visual Studio Solution File, Format Version 12.00
# Visual Studio 15
VisualStudioVersion = 15.0.27428.2037
MinimumVisualStudioVersion = 10.0.40219.1
Project("{FAE04EC0-301F-11D3-BF4B-00C04F79EFBC}") = "FlappyVoice", "FlappyVoice\FlappyVoice.csproj", "{459A16BF-EC4F-4F11-9647-CDA51C179B72}"
EndProject
Global
	GlobalSection(SolutionConfigurationPlatforms) = preSolution
		Debug|Any CPU = Debug|Any CPU
		Release|Any CPU = Release|Any CPU
	EndGlobalSection
	GlobalSection(ProjectConfigurationPlatforms) = postSolution
		{459A16BF-EC4F-4F11-9647-CDA51C179B72}.Debug|Any CPU.ActiveCfg = Debug|Any CPU
		{459A16BF-EC4F-4F11-9647-CDA51C179B72}.Debug|Any CPU.Build.0 = Debug|Any CPU
		{459A16BF-EC4F-4F11-9647-CDA51C179B72}.Release|Any CPU.ActiveCfg = Release|Any CPU
		{459A16BF-EC4F-4F11-9647-CDA51C179B72}.Release|Any CPU.Build.0 = Release|Any CPU
	EndGlobalSection
	GlobalSection(SolutionProperties) = preSolution
		HideSolutionNode = FALSE
	EndGlobalSection
	GlobalSection(ExtensibilityGlobals) = postSolution
		SolutionGuid = {17D1414B-4592-4448-8761-1172D6D8799E}
	EndGlobalSection
EndGlobal
