
Microsoft Visual Studio Solution File, Format Version 12.00
# Visual Studio 15
VisualStudioVersion = 15.0.27428.2037
MinimumVisualStudioVersion = 10.0.40219.1
Project("{FAE04EC0-301F-11D3-BF4B-00C04F79EFBC}") = "FlappyBirdAttempt", "FlappyBirdAttempt\FlappyBirdAttempt.csproj", "{A2DEC5C2-F34D-47D7-8B93-796CD45651C8}"
EndProject
Global
	GlobalSection(SolutionConfigurationPlatforms) = preSolution
		Debug|Any CPU = Debug|Any CPU
		Release|Any CPU = Release|Any CPU
	EndGlobalSection
	GlobalSection(ProjectConfigurationPlatforms) = postSolution
		{A2DEC5C2-F34D-47D7-8B93-796CD45651C8}.Debug|Any CPU.ActiveCfg = Debug|Any CPU
		{A2DEC5C2-F34D-47D7-8B93-796CD45651C8}.Debug|Any CPU.Build.0 = Debug|Any CPU
		{A2DEC5C2-F34D-47D7-8B93-796CD45651C8}.Release|Any CPU.ActiveCfg = Release|Any CPU
		{A2DEC5C2-F34D-47D7-8B93-796CD45651C8}.Release|Any CPU.Build.0 = Release|Any CPU
	EndGlobalSection
	GlobalSection(SolutionProperties) = preSolution
		HideSolutionNode = FALSE
	EndGlobalSection
	GlobalSection(ExtensibilityGlobals) = postSolution
		SolutionGuid = {C3037CCE-7368-46D5-A2B7-600E9DA7F4E7}
	EndGlobalSection
EndGlobal
